
Microsoft Visual Studio Solution File, Format Version 12.00
# Visual Studio Version 17
VisualStudioVersion = 17.5.002.0
MinimumVisualStudioVersion = 10.0.40219.1
Project("{9A19103F-16F7-4668-BE54-9A1E7A4F7556}") = "AC5-DATA", "AC5-DATA.csproj", "{AD2949DE-1803-4947-AED0-7FB3D764558C}"
EndProject
Global
	GlobalSection(SolutionConfigurationPlatforms) = preSolution
		Debug|Any CPU = Debug|Any CPU
		Release|Any CPU = Release|Any CPU
	EndGlobalSection
	GlobalSection(ProjectConfigurationPlatforms) = postSolution
		{AD2949DE-1803-4947-AED0-7FB3D764558C}.Debug|Any CPU.ActiveCfg = Debug|Any CPU
		{AD2949DE-1803-4947-AED0-7FB3D764558C}.Debug|Any CPU.Build.0 = Debug|Any CPU
		{AD2949DE-1803-4947-AED0-7FB3D764558C}.Release|Any CPU.ActiveCfg = Release|Any CPU
		{AD2949DE-1803-4947-AED0-7FB3D764558C}.Release|Any CPU.Build.0 = Release|Any CPU
	EndGlobalSection
	GlobalSection(SolutionProperties) = preSolution
		HideSolutionNode = FALSE
	EndGlobalSection
	GlobalSection(ExtensibilityGlobals) = postSolution
		SolutionGuid = {24FFDDBF-D89F-46C5-9A54-83790C01F8F6}
	EndGlobalSection
EndGlobal
